github.com/go-asphyxia/bytebuffer v1.0.1 h1:VBCSgIZvJAcY/OJkP9pPNl+fhVWwBBnVptS6XzpwN7g=
github.com/go-asphyxia/bytebuffer v1.0.1/go.mod h1:5I0oWhTvg4/f+gwyq0Tw1KefDXlppthqqjPw6CrqRjI=
github.com/go-asphyxia/bytebufferpool v1.0.9 h1:/A0N4JOqrBY13t2HcKhuHmdlnTgxnwsn45F9WsPyFa4=
github.com/go-asphyxia/bytebufferpool v1.0.9/go.mod h1:dTAVoa2LHm/Lf8Zi2UUX1RfPzfSeNQydGCMhehKBq3k=
github.com/go-asphyxia/conversion v0.0.1 h1:z2hvlZENFwri0jMUkBWEf8X6pJQebLy8D4vYBHQCdKw=
github.com/go-asphyxia/conversion v0.0.1/go.mod h1:DArVyQZpKRxPfTyjzJRSkMLsQIIXqP1HB5WVlGOIwT4=
